
Microsoft Visual Studio Solution File, Format Version 12.00
# Visual Studio Version 16
VisualStudioVersion = 16.0.30309.148
MinimumVisualStudioVersion = 10.0.40219.1
Project("{FAE04EC0-301F-11D3-BF4B-00C04F79EFBC}") = "Auth.Demo", "Auth.Demo\Auth.Demo.csproj", "{056CEA66-55D0-4292-B498-FE99478B1BB6}"
EndProject
Global
	GlobalSection(SolutionConfigurationPlatforms) = preSolution
		Debug|Any CPU = Debug|Any CPU
		Release|Any CPU = Release|Any CPU
	EndGlobalSection
	GlobalSection(ProjectConfigurationPlatforms) = postSolution
		{056CEA66-55D0-4292-B498-FE99478B1BB6}.Debug|Any CPU.ActiveCfg = Debug|Any CPU
		{056CEA66-55D0-4292-B498-FE99478B1BB6}.Debug|Any CPU.Build.0 = Debug|Any CPU
		{056CEA66-55D0-4292-B498-FE99478B1BB6}.Release|Any CPU.ActiveCfg = Release|Any CPU
		{056CEA66-55D0-4292-B498-FE99478B1BB6}.Release|Any CPU.Build.0 = Release|Any CPU
	EndGlobalSection
	GlobalSection(SolutionProperties) = preSolution
		HideSolutionNode = FALSE
	EndGlobalSection
	GlobalSection(ExtensibilityGlobals) = postSolution
		SolutionGuid = {1FB81B4E-2FF1-4921-9DE8-D9274E632318}
	EndGlobalSection
EndGlobal
